
Microsoft Visual Studio Solution File, Format Version 12.00
# Visual Studio Version 17
VisualStudioVersion = 17.14.36414.22 d17.14
MinimumVisualStudioVersion = 10.0.40219.1
Project("{FAE04EC0-301F-11D3-BF4B-00C04F79EFBC}") = "WorkoutPlannerMVC", "WorkoutPlannerMVC.csproj", "{CA5760FE-13AD-4B38-9B20-76E983F22111}"
EndProject
Global
	GlobalSection(SolutionConfigurationPlatforms) = preSolution
		Debug|Any CPU = Debug|Any CPU
		Release|Any CPU = Release|Any CPU
	EndGlobalSection
	GlobalSection(ProjectConfigurationPlatforms) = postSolution
		{CA5760FE-13AD-4B38-9B20-76E983F22111}.Debug|Any CPU.ActiveCfg = Debug|Any CPU
		{CA5760FE-13AD-4B38-9B20-76E983F22111}.Debug|Any CPU.Build.0 = Debug|Any CPU
		{CA5760FE-13AD-4B38-9B20-76E983F22111}.Release|Any CPU.ActiveCfg = Release|Any CPU
		{CA5760FE-13AD-4B38-9B20-76E983F22111}.Release|Any CPU.Build.0 = Release|Any CPU
	EndGlobalSection
	GlobalSection(SolutionProperties) = preSolution
		HideSolutionNode = FALSE
	EndGlobalSection
	GlobalSection(ExtensibilityGlobals) = postSolution
		SolutionGuid = {6AB267C8-D5CF-4637-A85B-09ED65873CF0}
	EndGlobalSection
EndGlobal
